
Microsoft Visual Studio Solution File, Format Version 12.00
# Visual Studio Version 16
VisualStudioVersion = 16.0.31205.134
MinimumVisualStudioVersion = 10.0.40219.1
Project("{FAE04EC0-301F-11D3-BF4B-00C04F79EFBC}") = "Oop2", "Oop2\Oop2.csproj", "{6B00A176-BCE3-41A9-A614-97147FCF472F}"
EndProject
Project("{FAE04EC0-301F-11D3-BF4B-00C04F79EFBC}") = "Oop3Interface", "Oop3Interface\Oop3Interface.csproj", "{08F070A9-F54F-4D59-9853-B17D016DF03B}"
EndProject
Global
	GlobalSection(SolutionConfigurationPlatforms) = preSolution
		Debug|Any CPU = Debug|Any CPU
		Release|Any CPU = Release|Any CPU
	EndGlobalSection
	GlobalSection(ProjectConfigurationPlatforms) = postSolution
		{6B00A176-BCE3-41A9-A614-97147FCF472F}.Debug|Any CPU.ActiveCfg = Debug|Any CPU
		{6B00A176-BCE3-41A9-A614-97147FCF472F}.Debug|Any CPU.Build.0 = Debug|Any CPU
		{6B00A176-BCE3-41A9-A614-97147FCF472F}.Release|Any CPU.ActiveCfg = Release|Any CPU
		{6B00A176-BCE3-41A9-A614-97147FCF472F}.Release|Any CPU.Build.0 = Release|Any CPU
		{08F070A9-F54F-4D59-9853-B17D016DF03B}.Debug|Any CPU.ActiveCfg = Debug|Any CPU
		{08F070A9-F54F-4D59-9853-B17D016DF03B}.Debug|Any CPU.Build.0 = Debug|Any CPU
		{08F070A9-F54F-4D59-9853-B17D016DF03B}.Release|Any CPU.ActiveCfg = Release|Any CPU
		{08F070A9-F54F-4D59-9853-B17D016DF03B}.Release|Any CPU.Build.0 = Release|Any CPU
	EndGlobalSection
	GlobalSection(SolutionProperties) = preSolution
		HideSolutionNode = FALSE
	EndGlobalSection
	GlobalSection(ExtensibilityGlobals) = postSolution
		SolutionGuid = {CE83A5F6-EF21-4FE0-912F-F56477578064}
	EndGlobalSection
EndGlobal
